
Microsoft Visual Studio Solution File, Format Version 12.00
# Visual Studio 14
VisualStudioVersion = 14.0.24720.0
MinimumVisualStudioVersion = 10.0.40219.1
Project("{FAE04EC0-301F-11D3-BF4B-00C04F79EFBC}") = "ForgettingMap", "ForgettingMap\ForgettingMap.csproj", "{12DF83FA-40D6-4AD4-8E8C-1E83BABE601F}"
EndProject
Project("{FAE04EC0-301F-11D3-BF4B-00C04F79EFBC}") = "ForgettingMap.Tests", "ForgettingMap.Tests\ForgettingMap.Tests.csproj", "{4C33A7BB-0E4C-4796-BFCC-DD646BF6F05D}"
EndProject
Global
	GlobalSection(SolutionConfigurationPlatforms) = preSolution
		Debug|Any CPU = Debug|Any CPU
		Release|Any CPU = Release|Any CPU
	EndGlobalSection
	GlobalSection(ProjectConfigurationPlatforms) = postSolution
		{12DF83FA-40D6-4AD4-8E8C-1E83BABE601F}.Debug|Any CPU.ActiveCfg = Debug|Any CPU
		{12DF83FA-40D6-4AD4-8E8C-1E83BABE601F}.Debug|Any CPU.Build.0 = Debug|Any CPU
		{12DF83FA-40D6-4AD4-8E8C-1E83BABE601F}.Release|Any CPU.ActiveCfg = Release|Any CPU
		{12DF83FA-40D6-4AD4-8E8C-1E83BABE601F}.Release|Any CPU.Build.0 = Release|Any CPU
		{4C33A7BB-0E4C-4796-BFCC-DD646BF6F05D}.Debug|Any CPU.ActiveCfg = Debug|Any CPU
		{4C33A7BB-0E4C-4796-BFCC-DD646BF6F05D}.Debug|Any CPU.Build.0 = Debug|Any CPU
		{4C33A7BB-0E4C-4796-BFCC-DD646BF6F05D}.Release|Any CPU.ActiveCfg = Release|Any CPU
		{4C33A7BB-0E4C-4796-BFCC-DD646BF6F05D}.Release|Any CPU.Build.0 = Release|Any CPU
	EndGlobalSection
	GlobalSection(SolutionProperties) = preSolution
		HideSolutionNode = FALSE
	EndGlobalSection
EndGlobal
